{
  "name": "module-standards",
  "version": "1.0.0",
  "lockfileVersion": 1,
  "requires": true,
  "dependencies": {
    "batch2-greeting": {
      "version": "1.1.1",
      "resolved": "https://registry.npmjs.org/batch2-greeting/-/batch2-greeting-1.1.1.tgz",
      "integrity": "sha512-MfzMpkrnuOiDwrUZfRE0yIwkQVo31TvU7wyMv+VxQzcLOO2QKr7BQlAS239C7tZKZ8gLmsS/CHjOEmF1Xl6/oQ=="
    }
  }
}
